
Microsoft Visual Studio Solution File, Format Version 12.00
# Visual Studio Version 16
VisualStudioVersion = 16.0.30204.135
MinimumVisualStudioVersion = 10.0.40219.1
Project("{FAE04EC0-301F-11D3-BF4B-00C04F79EFBC}") = "LoginMVC", "agendaMVC\LoginMVC.csproj", "{69C74403-AED5-4E8E-B570-0E4DE1ED1A56}"
EndProject
Global
	GlobalSection(SolutionConfigurationPlatforms) = preSolution
		Debug|Any CPU = Debug|Any CPU
		Release|Any CPU = Release|Any CPU
	EndGlobalSection
	GlobalSection(ProjectConfigurationPlatforms) = postSolution
		{69C74403-AED5-4E8E-B570-0E4DE1ED1A56}.Debug|Any CPU.ActiveCfg = Debug|Any CPU
		{69C74403-AED5-4E8E-B570-0E4DE1ED1A56}.Debug|Any CPU.Build.0 = Debug|Any CPU
		{69C74403-AED5-4E8E-B570-0E4DE1ED1A56}.Release|Any CPU.ActiveCfg = Release|Any CPU
		{69C74403-AED5-4E8E-B570-0E4DE1ED1A56}.Release|Any CPU.Build.0 = Release|Any CPU
	EndGlobalSection
	GlobalSection(SolutionProperties) = preSolution
		HideSolutionNode = FALSE
	EndGlobalSection
	GlobalSection(ExtensibilityGlobals) = postSolution
		SolutionGuid = {E713E60F-82E5-4B4A-B949-EC1FC40D71C3}
	EndGlobalSection
EndGlobal
